// !$*UTF8*$!
{
	archiveVersion = 1;
	classes = {
	};
	objectVersion = 55;
	objects = {

/* Begin PBXBuildFile section */
		369C7BDA724900D8F452A2C9 /* libPods-CryptoPairsTests.a in Frameworks */ = {isa = PBXBuildFile; fileRef = EA24CEEB4640D0589452F605 /* libPods-CryptoPairsTests.a */; };
		3D2E5C0D2A5D4CAB6F5E3BE7 /* Pods_CryptoPairs.framework in Frameworks */ = {isa = PBXBuildFile; fileRef = 730890A771412BEA61D06C34 /* Pods_CryptoPairs.framework */; };
		6181207D2BF32FCB4D00802B /* libPods-CryptoPairsUITests.a in Frameworks */ = {isa = PBXBuildFile; fileRef = 2775AB7AB452CFCC84E6F1E9 /* libPods-CryptoPairsUITests.a */; };
		6765A52F285385C40070ABC5 /* AppDelegate.swift in Sources */ = {isa = PBXBuildFile; fileRef = 6765A52E285385C40070ABC5 /* AppDelegate.swift */; };
		6765A531285385C40070ABC5 /* SceneDelegate.swift in Sources */ = {isa = PBXBuildFile; fileRef = 6765A530285385C40070ABC5 /* SceneDelegate.swift */; };
		6765A538285385C60070ABC5 /* Assets.xcassets in Resources */ = {isa = PBXBuildFile; fileRef = 6765A537285385C60070ABC5 /* Assets.xcassets */; };
		6765A53B285385C60070ABC5 /* LaunchScreen.storyboard in Resources */ = {isa = PBXBuildFile; fileRef = 6765A539285385C60070ABC5 /* LaunchScreen.storyboard */; };
		6765A550285385C60070ABC5 /* CryptoPairsUITests.swift in Sources */ = {isa = PBXBuildFile; fileRef = 6765A54F285385C60070ABC5 /* CryptoPairsUITests.swift */; };
		6765A552285385C60070ABC5 /* CryptoPairsUITestsLaunchTests.swift in Sources */ = {isa = PBXBuildFile; fileRef = 6765A551285385C60070ABC5 /* CryptoPairsUITestsLaunchTests.swift */; };
		6774D4EA285559FB000652AA /* DependencyContainer.swift in Sources */ = {isa = PBXBuildFile; fileRef = 6774D4E9285559FB000652AA /* DependencyContainer.swift */; };
		6774D4EC28555A3F000652AA /* ViewControllerFactory.swift in Sources */ = {isa = PBXBuildFile; fileRef = 6774D4EB28555A3F000652AA /* ViewControllerFactory.swift */; };
		6774D4F028555BB6000652AA /* ViewControllerFactoryTests.swift in Sources */ = {isa = PBXBuildFile; fileRef = 6774D4EF28555BB6000652AA /* ViewControllerFactoryTests.swift */; };
		67F6D1CE285560C200BB63D8 /* DefaultTickersRepository.swift in Sources */ = {isa = PBXBuildFile; fileRef = 67F6D1CD285560C200BB63D8 /* DefaultTickersRepository.swift */; };
		67F6D1D12855626A00BB63D8 /* DefaultTickersRepositoryTests.swift in Sources */ = {isa = PBXBuildFile; fileRef = 67F6D1D02855626A00BB63D8 /* DefaultTickersRepositoryTests.swift */; };
		67F6D1D52855652300BB63D8 /* DefaultCryptoCurrenciesRepository.swift in Sources */ = {isa = PBXBuildFile; fileRef = 67F6D1D42855652300BB63D8 /* DefaultCryptoCurrenciesRepository.swift */; };
		67F6D1D72855684100BB63D8 /* crypto_currencies.json in Resources */ = {isa = PBXBuildFile; fileRef = 67F6D1D62855684100BB63D8 /* crypto_currencies.json */; };
		67F6D1D928556BEE00BB63D8 /* DefaultCryptoCurrenciesRepositoryTests.swift in Sources */ = {isa = PBXBuildFile; fileRef = 67F6D1D828556BEE00BB63D8 /* DefaultCryptoCurrenciesRepositoryTests.swift */; };
		67F6D1DF2855722A00BB63D8 /* TickersListViewController.swift in Sources */ = {isa = PBXBuildFile; fileRef = 67F6D1DE2855722A00BB63D8 /* TickersListViewController.swift */; };
		67F6D1E12855724300BB63D8 /* TickersListViewModel.swift in Sources */ = {isa = PBXBuildFile; fileRef = 67F6D1E02855724300BB63D8 /* TickersListViewModel.swift */; };
		67F6D1E72855F65B00BB63D8 /* UIView+Extension.swift in Sources */ = {isa = PBXBuildFile; fileRef = 67F6D1E62855F65B00BB63D8 /* UIView+Extension.swift */; };
		67F6D1F928561EFE00BB63D8 /* TickerCell.swift in Sources */ = {isa = PBXBuildFile; fileRef = 67F6D1F828561EFE00BB63D8 /* TickerCell.swift */; };
		67F6D2112856B4CE00BB63D8 /* TickerCellViewModel.swift in Sources */ = {isa = PBXBuildFile; fileRef = 67F6D2102856B4CE00BB63D8 /* TickerCellViewModel.swift */; };
/* End PBXBuildFile section */

/* Begin PBXContainerItemProxy section */
		6765A542285385C60070ABC5 /* PBXContainerItemProxy */ = {
			isa = PBXContainerItemProxy;
			containerPortal = 6765A523285385C40070ABC5 /* Project object */;
			proxyType = 1;
			remoteGlobalIDString = 6765A52A285385C40070ABC5;
			remoteInfo = CryptoPairs;
		};
		6765A54C285385C60070ABC5 /* PBXContainerItemProxy */ = {
			isa = PBXContainerItemProxy;
			containerPortal = 6765A523285385C40070ABC5 /* Project object */;
			proxyType = 1;
			remoteGlobalIDString = 6765A52A285385C40070ABC5;
			remoteInfo = CryptoPairs;
		};
/* End PBXContainerItemProxy section */

/* Begin PBXFileReference section */
		2775AB7AB452CFCC84E6F1E9 /* libPods-CryptoPairsUITests.a */ = {isa = PBXFileReference; explicitFileType = archive.ar; includeInIndex = 0; path = "libPods-CryptoPairsUITests.a"; sourceTree = BUILT_PRODUCTS_DIR; };
		354AAEAE8B48B849B5CCCAFA /* Pods-CryptoPairsTests.release.xcconfig */ = {isa = PBXFileReference; includeInIndex = 1; lastKnownFileType = text.xcconfig; name = "Pods-CryptoPairsTests.release.xcconfig"; path = "Target Support Files/Pods-CryptoPairsTests/Pods-CryptoPairsTests.release.xcconfig"; sourceTree = "<group>"; };
		4D6456931553D908E337FE9C /* Pods-CryptoPairsTests.debug.xcconfig */ = {isa = PBXFileReference; includeInIndex = 1; lastKnownFileType = text.xcconfig; name = "Pods-CryptoPairsTests.debug.xcconfig"; path = "Target Support Files/Pods-CryptoPairsTests/Pods-CryptoPairsTests.debug.xcconfig"; sourceTree = "<group>"; };
		6765A52B285385C40070ABC5 /* CryptoPairs.app */ = {isa = PBXFileReference; explicitFileType = wrapper.application; includeInIndex = 0; path = CryptoPairs.app; sourceTree = BUILT_PRODUCTS_DIR; };
		6765A52E285385C40070ABC5 /* AppDelegate.swift */ = {isa = PBXFileReference; lastKnownFileType = sourcecode.swift; path = AppDelegate.swift; sourceTree = "<group>"; };
		6765A530285385C40070ABC5 /* SceneDelegate.swift */ = {isa = PBXFileReference; lastKnownFileType = sourcecode.swift; path = SceneDelegate.swift; sourceTree = "<group>"; };
		6765A537285385C60070ABC5 /* Assets.xcassets */ = {isa = PBXFileReference; lastKnownFileType = folder.assetcatalog; path = Assets.xcassets; sourceTree = "<group>"; };
		6765A53A285385C60070ABC5 /* Base */ = {isa = PBXFileReference; lastKnownFileType = file.storyboard; name = Base; path = Base.lproj/LaunchScreen.storyboard; sourceTree = "<group>"; };
		6765A53C285385C60070ABC5 /* Info.plist */ = {isa = PBXFileReference; lastKnownFileType = text.plist.xml; path = Info.plist; sourceTree = "<group>"; };
		6765A541285385C60070ABC5 /* CryptoPairsTests.xctest */ = {isa = PBXFileReference; explicitFileType = wrapper.cfbundle; includeInIndex = 0; path = CryptoPairsTests.xctest; sourceTree = BUILT_PRODUCTS_DIR; };
		6765A54B285385C60070ABC5 /* CryptoPairsUITests.xctest */ = {isa = PBXFileReference; explicitFileType = wrapper.cfbundle; includeInIndex = 0; path = CryptoPairsUITests.xctest; sourceTree = BUILT_PRODUCTS_DIR; };
		6765A54F285385C60070ABC5 /* CryptoPairsUITests.swift */ = {isa = PBXFileReference; lastKnownFileType = sourcecode.swift; path = CryptoPairsUITests.swift; sourceTree = "<group>"; };
		6765A551285385C60070ABC5 /* CryptoPairsUITestsLaunchTests.swift */ = {isa = PBXFileReference; lastKnownFileType = sourcecode.swift; path = CryptoPairsUITestsLaunchTests.swift; sourceTree = "<group>"; };
		6774D4E9285559FB000652AA /* DependencyContainer.swift */ = {isa = PBXFileReference; lastKnownFileType = sourcecode.swift; path = DependencyContainer.swift; sourceTree = "<group>"; };
		6774D4EB28555A3F000652AA /* ViewControllerFactory.swift */ = {isa = PBXFileReference; lastKnownFileType = sourcecode.swift; path = ViewControllerFactory.swift; sourceTree = "<group>"; };
		6774D4EF28555BB6000652AA /* ViewControllerFactoryTests.swift */ = {isa = PBXFileReference; lastKnownFileType = sourcecode.swift; path = ViewControllerFactoryTests.swift; sourceTree = "<group>"; };
		67F6D1CD285560C200BB63D8 /* DefaultTickersRepository.swift */ = {isa = PBXFileReference; lastKnownFileType = sourcecode.swift; path = DefaultTickersRepository.swift; sourceTree = "<group>"; };
		67F6D1D02855626A00BB63D8 /* DefaultTickersRepositoryTests.swift */ = {isa = PBXFileReference; lastKnownFileType = sourcecode.swift; path = DefaultTickersRepositoryTests.swift; sourceTree = "<group>"; };
		67F6D1D42855652300BB63D8 /* DefaultCryptoCurrenciesRepository.swift */ = {isa = PBXFileReference; lastKnownFileType = sourcecode.swift; path = DefaultCryptoCurrenciesRepository.swift; sourceTree = "<group>"; };
		67F6D1D62855684100BB63D8 /* crypto_currencies.json */ = {isa = PBXFileReference; fileEncoding = 4; lastKnownFileType = text.json; path = crypto_currencies.json; sourceTree = "<group>"; };
		67F6D1D828556BEE00BB63D8 /* DefaultCryptoCurrenciesRepositoryTests.swift */ = {isa = PBXFileReference; lastKnownFileType = sourcecode.swift; path = DefaultCryptoCurrenciesRepositoryTests.swift; sourceTree = "<group>"; };
		67F6D1DE2855722A00BB63D8 /* TickersListViewController.swift */ = {isa = PBXFileReference; lastKnownFileType = sourcecode.swift; path = TickersListViewController.swift; sourceTree = "<group>"; };
		67F6D1E02855724300BB63D8 /* TickersListViewModel.swift */ = {isa = PBXFileReference; lastKnownFileType = sourcecode.swift; path = TickersListViewModel.swift; sourceTree = "<group>"; };
		67F6D1E62855F65B00BB63D8 /* UIView+Extension.swift */ = {isa = PBXFileReference; lastKnownFileType = sourcecode.swift; path = "UIView+Extension.swift"; sourceTree = "<group>"; };
		67F6D1F828561EFE00BB63D8 /* TickerCell.swift */ = {isa = PBXFileReference; lastKnownFileType = sourcecode.swift; path = TickerCell.swift; sourceTree = "<group>"; };
		67F6D2102856B4CE00BB63D8 /* TickerCellViewModel.swift */ = {isa = PBXFileReference; lastKnownFileType = sourcecode.swift; path = TickerCellViewModel.swift; sourceTree = "<group>"; };
		730890A771412BEA61D06C34 /* Pods_CryptoPairs.framework */ = {isa = PBXFileReference; explicitFileType = wrapper.framework; includeInIndex = 0; path = Pods_CryptoPairs.framework; sourceTree = BUILT_PRODUCTS_DIR; };
		83AE9A4B2EB6AA1CC4643DD8 /* Pods-CryptoPairsUITests.debug.xcconfig */ = {isa = PBXFileReference; includeInIndex = 1; lastKnownFileType = text.xcconfig; name = "Pods-CryptoPairsUITests.debug.xcconfig"; path = "Target Support Files/Pods-CryptoPairsUITests/Pods-CryptoPairsUITests.debug.xcconfig"; sourceTree = "<group>"; };
		862CE20B01262021D63700A1 /* Pods-CryptoPairs-CryptoPairsUITests.release.xcconfig */ = {isa = PBXFileReference; includeInIndex = 1; lastKnownFileType = text.xcconfig; name = "Pods-CryptoPairs-CryptoPairsUITests.release.xcconfig"; path = "Target Support Files/Pods-CryptoPairs-CryptoPairsUITests/Pods-CryptoPairs-CryptoPairsUITests.release.xcconfig"; sourceTree = "<group>"; };
		8F095E4EC210591C7CAD8E89 /* Pods-CryptoPairs.debug.xcconfig */ = {isa = PBXFileReference; includeInIndex = 1; lastKnownFileType = text.xcconfig; name = "Pods-CryptoPairs.debug.xcconfig"; path = "Target Support Files/Pods-CryptoPairs/Pods-CryptoPairs.debug.xcconfig"; sourceTree = "<group>"; };
		8F85D848965F03402C0621CB /* Pods-CryptoPairsUITests.release.xcconfig */ = {isa = PBXFileReference; includeInIndex = 1; lastKnownFileType = text.xcconfig; name = "Pods-CryptoPairsUITests.release.xcconfig"; path = "Target Support Files/Pods-CryptoPairsUITests/Pods-CryptoPairsUITests.release.xcconfig"; sourceTree = "<group>"; };
		B37525A35728C3B6257C03BE /* Pods-CryptoPairs.release.xcconfig */ = {isa = PBXFileReference; includeInIndex = 1; lastKnownFileType = text.xcconfig; name = "Pods-CryptoPairs.release.xcconfig"; path = "Target Support Files/Pods-CryptoPairs/Pods-CryptoPairs.release.xcconfig"; sourceTree = "<group>"; };
		EA24CEEB4640D0589452F605 /* libPods-CryptoPairsTests.a */ = {isa = PBXFileReference; explicitFileType = archive.ar; includeInIndex = 0; path = "libPods-CryptoPairsTests.a"; sourceTree = BUILT_PRODUCTS_DIR; };
		EC20048CABC2754CFE0F442C /* Pods-CryptoPairs-CryptoPairsUITests.debug.xcconfig */ = {isa = PBXFileReference; includeInIndex = 1; lastKnownFileType = text.xcconfig; name = "Pods-CryptoPairs-CryptoPairsUITests.debug.xcconfig"; path = "Target Support Files/Pods-CryptoPairs-CryptoPairsUITests/Pods-CryptoPairs-CryptoPairsUITests.debug.xcconfig"; sourceTree = "<group>"; };
/* End PBXFileReference section */

/* Begin PBXFrameworksBuildPhase section */
		6765A528285385C40070ABC5 /* Frameworks */ = {
			isa = PBXFrameworksBuildPhase;
			buildActionMask = 2147483647;
			files = (
				3D2E5C0D2A5D4CAB6F5E3BE7 /* Pods_CryptoPairs.framework in Frameworks */,
			);
			runOnlyForDeploymentPostprocessing = 0;
		};
		6765A53E285385C60070ABC5 /* Frameworks */ = {
			isa = PBXFrameworksBuildPhase;
			buildActionMask = 2147483647;
			files = (
				369C7BDA724900D8F452A2C9 /* libPods-CryptoPairsTests.a in Frameworks */,
			);
			runOnlyForDeploymentPostprocessing = 0;
		};
		6765A548285385C60070ABC5 /* Frameworks */ = {
			isa = PBXFrameworksBuildPhase;
			buildActionMask = 2147483647;
			files = (
				6181207D2BF32FCB4D00802B /* libPods-CryptoPairsUITests.a in Frameworks */,
			);
			runOnlyForDeploymentPostprocessing = 0;
		};
/* End PBXFrameworksBuildPhase section */

/* Begin PBXGroup section */
		6765A522285385C40070ABC5 = {
			isa = PBXGroup;
			children = (
				6765A52D285385C40070ABC5 /* CryptoPairs */,
				6765A544285385C60070ABC5 /* CryptoPairsTests */,
				6765A54E285385C60070ABC5 /* CryptoPairsUITests */,
				6765A52C285385C40070ABC5 /* Products */,
				8A4D35635A2B41C10D1FDDD4 /* Pods */,
				B9C29F680B0C5056781C517F /* Frameworks */,
			);
			sourceTree = "<group>";
		};
		6765A52C285385C40070ABC5 /* Products */ = {
			isa = PBXGroup;
			children = (
				6765A52B285385C40070ABC5 /* CryptoPairs.app */,
				6765A541285385C60070ABC5 /* CryptoPairsTests.xctest */,
				6765A54B285385C60070ABC5 /* CryptoPairsUITests.xctest */,
			);
			name = Products;
			sourceTree = "<group>";
		};
		6765A52D285385C40070ABC5 /* CryptoPairs */ = {
			isa = PBXGroup;
			children = (
				67F6D1E52855F60300BB63D8 /* Common */,
				6774D4E8285559C1000652AA /* Application */,
				67F6D1CC2855609900BB63D8 /* Data */,
				67F6D1DA285571E400BB63D8 /* Features */,
				6774D4E728555958000652AA /* Supporting Files */,
			);
			path = CryptoPairs;
			sourceTree = "<group>";
		};
		6765A544285385C60070ABC5 /* CryptoPairsTests */ = {
			isa = PBXGroup;
			children = (
				6774D4ED28555B90000652AA /* Specs */,
			);
			path = CryptoPairsTests;
			sourceTree = "<group>";
		};
		6765A54E285385C60070ABC5 /* CryptoPairsUITests */ = {
			isa = PBXGroup;
			children = (
				6765A54F285385C60070ABC5 /* CryptoPairsUITests.swift */,
				6765A551285385C60070ABC5 /* CryptoPairsUITestsLaunchTests.swift */,
			);
			path = CryptoPairsUITests;
			sourceTree = "<group>";
		};
		6774D4E728555958000652AA /* Supporting Files */ = {
			isa = PBXGroup;
			children = (
				67F6D1D62855684100BB63D8 /* crypto_currencies.json */,
				6765A537285385C60070ABC5 /* Assets.xcassets */,
				6765A539285385C60070ABC5 /* LaunchScreen.storyboard */,
				6765A53C285385C60070ABC5 /* Info.plist */,
			);
			path = "Supporting Files";
			sourceTree = "<group>";
		};
		6774D4E8285559C1000652AA /* Application */ = {
			isa = PBXGroup;
			children = (
				6765A52E285385C40070ABC5 /* AppDelegate.swift */,
				6765A530285385C40070ABC5 /* SceneDelegate.swift */,
				6774D4E9285559FB000652AA /* DependencyContainer.swift */,
				6774D4EB28555A3F000652AA /* ViewControllerFactory.swift */,
			);
			path = Application;
			sourceTree = "<group>";
		};
		6774D4ED28555B90000652AA /* Specs */ = {
			isa = PBXGroup;
			children = (
				67F6D1CF2855626100BB63D8 /* Data */,
				6774D4EE28555B96000652AA /* Application */,
			);
			path = Specs;
			sourceTree = "<group>";
		};
		6774D4EE28555B96000652AA /* Application */ = {
			isa = PBXGroup;
			children = (
				6774D4EF28555BB6000652AA /* ViewControllerFactoryTests.swift */,
			);
			path = Application;
			sourceTree = "<group>";
		};
		67F6D1CC2855609900BB63D8 /* Data */ = {
			isa = PBXGroup;
			children = (
				67F6D1CD285560C200BB63D8 /* DefaultTickersRepository.swift */,
				67F6D1D42855652300BB63D8 /* DefaultCryptoCurrenciesRepository.swift */,
			);
			path = Data;
			sourceTree = "<group>";
		};
		67F6D1CF2855626100BB63D8 /* Data */ = {
			isa = PBXGroup;
			children = (
				67F6D1D02855626A00BB63D8 /* DefaultTickersRepositoryTests.swift */,
				67F6D1D828556BEE00BB63D8 /* DefaultCryptoCurrenciesRepositoryTests.swift */,
			);
			path = Data;
			sourceTree = "<group>";
		};
		67F6D1DA285571E400BB63D8 /* Features */ = {
			isa = PBXGroup;
			children = (
				67F6D1DB285571F300BB63D8 /* TickersList */,
			);
			path = Features;
			sourceTree = "<group>";
		};
		67F6D1DB285571F300BB63D8 /* TickersList */ = {
			isa = PBXGroup;
			children = (
				67F6D1DD2855720400BB63D8 /* View */,
				67F6D1DC285571FE00BB63D8 /* ViewModel */,
			);
			path = TickersList;
			sourceTree = "<group>";
		};
		67F6D1DC285571FE00BB63D8 /* ViewModel */ = {
			isa = PBXGroup;
			children = (
				67F6D1E02855724300BB63D8 /* TickersListViewModel.swift */,
				67F6D2102856B4CE00BB63D8 /* TickerCellViewModel.swift */,
			);
			path = ViewModel;
			sourceTree = "<group>";
		};
		67F6D1DD2855720400BB63D8 /* View */ = {
			isa = PBXGroup;
			children = (
				67F6D1DE2855722A00BB63D8 /* TickersListViewController.swift */,
				67F6D1F828561EFE00BB63D8 /* TickerCell.swift */,
			);
			path = View;
			sourceTree = "<group>";
		};
		67F6D1E52855F60300BB63D8 /* Common */ = {
			isa = PBXGroup;
			children = (
				67F6D1E62855F65B00BB63D8 /* UIView+Extension.swift */,
			);
			path = Common;
			sourceTree = "<group>";
		};
		8A4D35635A2B41C10D1FDDD4 /* Pods */ = {
			isa = PBXGroup;
			children = (
				8F095E4EC210591C7CAD8E89 /* Pods-CryptoPairs.debug.xcconfig */,
				B37525A35728C3B6257C03BE /* Pods-CryptoPairs.release.xcconfig */,
				EC20048CABC2754CFE0F442C /* Pods-CryptoPairs-CryptoPairsUITests.debug.xcconfig */,
				862CE20B01262021D63700A1 /* Pods-CryptoPairs-CryptoPairsUITests.release.xcconfig */,
				4D6456931553D908E337FE9C /* Pods-CryptoPairsTests.debug.xcconfig */,
				354AAEAE8B48B849B5CCCAFA /* Pods-CryptoPairsTests.release.xcconfig */,
				83AE9A4B2EB6AA1CC4643DD8 /* Pods-CryptoPairsUITests.debug.xcconfig */,
				8F85D848965F03402C0621CB /* Pods-CryptoPairsUITests.release.xcconfig */,
			);
			path = Pods;
			sourceTree = "<group>";
		};
		B9C29F680B0C5056781C517F /* Frameworks */ = {
			isa = PBXGroup;
			children = (
				730890A771412BEA61D06C34 /* Pods_CryptoPairs.framework */,
				EA24CEEB4640D0589452F605 /* libPods-CryptoPairsTests.a */,
				2775AB7AB452CFCC84E6F1E9 /* libPods-CryptoPairsUITests.a */,
			);
			name = Frameworks;
			sourceTree = "<group>";
		};
/* End PBXGroup section */

/* Begin PBXNativeTarget section */
		6765A52A285385C40070ABC5 /* CryptoPairs */ = {
			isa = PBXNativeTarget;
			buildConfigurationList = 6765A555285385C60070ABC5 /* Build configuration list for PBXNativeTarget "CryptoPairs" */;
			buildPhases = (
				6B8C10FBFD015E5EE13F57D3 /* [CP] Check Pods Manifest.lock */,
				6765A527285385C40070ABC5 /* Sources */,
				6765A528285385C40070ABC5 /* Frameworks */,
				6765A529285385C40070ABC5 /* Resources */,
				D7D314EABAEC37B6EFE3CD9E /* [CP] Embed Pods Frameworks */,
			);
			buildRules = (
			);
			dependencies = (
			);
			name = CryptoPairs;
			productName = CryptoPairs;
			productReference = 6765A52B285385C40070ABC5 /* CryptoPairs.app */;
			productType = "com.apple.product-type.application";
		};
		6765A540285385C60070ABC5 /* CryptoPairsTests */ = {
			isa = PBXNativeTarget;
			buildConfigurationList = 6765A558285385C60070ABC5 /* Build configuration list for PBXNativeTarget "CryptoPairsTests" */;
			buildPhases = (
				EEA3B60A9B2D4C4118E25B59 /* [CP] Check Pods Manifest.lock */,
				6765A53D285385C60070ABC5 /* Sources */,
				6765A53E285385C60070ABC5 /* Frameworks */,
				6765A53F285385C60070ABC5 /* Resources */,
			);
			buildRules = (
			);
			dependencies = (
				6765A543285385C60070ABC5 /* PBXTargetDependency */,
			);
			name = CryptoPairsTests;
			productName = CryptoPairsTests;
			productReference = 6765A541285385C60070ABC5 /* CryptoPairsTests.xctest */;
			productType = "com.apple.product-type.bundle.unit-test";
		};
		6765A54A285385C60070ABC5 /* CryptoPairsUITests */ = {
			isa = PBXNativeTarget;
			buildConfigurationList = 6765A55B285385C60070ABC5 /* Build configuration list for PBXNativeTarget "CryptoPairsUITests" */;
			buildPhases = (
				71B5413104C2D148E04A2926 /* [CP] Check Pods Manifest.lock */,
				6765A547285385C60070ABC5 /* Sources */,
				6765A548285385C60070ABC5 /* Frameworks */,
				6765A549285385C60070ABC5 /* Resources */,
			);
			buildRules = (
			);
			dependencies = (
				6765A54D285385C60070ABC5 /* PBXTargetDependency */,
			);
			name = CryptoPairsUITests;
			productName = CryptoPairsUITests;
			productReference = 6765A54B285385C60070ABC5 /* CryptoPairsUITests.xctest */;
			productType = "com.apple.product-type.bundle.ui-testing";
		};
/* End PBXNativeTarget section */

/* Begin PBXProject section */
		6765A523285385C40070ABC5 /* Project object */ = {
			isa = PBXProject;
			attributes = {
				BuildIndependentTargetsInParallel = 1;
				LastSwiftUpdateCheck = 1330;
				LastUpgradeCheck = 1330;
				TargetAttributes = {
					6765A52A285385C40070ABC5 = {
						CreatedOnToolsVersion = 13.3.1;
					};
					6765A540285385C60070ABC5 = {
						CreatedOnToolsVersion = 13.3.1;
						LastSwiftMigration = 1330;
						TestTargetID = 6765A52A285385C40070ABC5;
					};
					6765A54A285385C60070ABC5 = {
						CreatedOnToolsVersion = 13.3.1;
						TestTargetID = 6765A52A285385C40070ABC5;
					};
				};
			};
			buildConfigurationList = 6765A526285385C40070ABC5 /* Build configuration list for PBXProject "CryptoPairs" */;
			compatibilityVersion = "Xcode 13.0";
			developmentRegion = en;
			hasScannedForEncodings = 0;
			knownRegions = (
				en,
				Base,
			);
			mainGroup = 6765A522285385C40070ABC5;
			productRefGroup = 6765A52C285385C40070ABC5 /* Products */;
			projectDirPath = "";
			projectRoot = "";
			targets = (
				6765A52A285385C40070ABC5 /* CryptoPairs */,
				6765A540285385C60070ABC5 /* CryptoPairsTests */,
				6765A54A285385C60070ABC5 /* CryptoPairsUITests */,
			);
		};
/* End PBXProject section */

/* Begin PBXResourcesBuildPhase section */
		6765A529285385C40070ABC5 /* Resources */ = {
			isa = PBXResourcesBuildPhase;
			buildActionMask = 2147483647;
			files = (
				6765A53B285385C60070ABC5 /* LaunchScreen.storyboard in Resources */,
				6765A538285385C60070ABC5 /* Assets.xcassets in Resources */,
				67F6D1D72855684100BB63D8 /* crypto_currencies.json in Resources */,
			);
			runOnlyForDeploymentPostprocessing = 0;
		};
		6765A53F285385C60070ABC5 /* Resources */ = {
			isa = PBXResourcesBuildPhase;
			buildActionMask = 2147483647;
			files = (
			);
			runOnlyForDeploymentPostprocessing = 0;
		};
		6765A549285385C60070ABC5 /* Resources */ = {
			isa = PBXResourcesBuildPhase;
			buildActionMask = 2147483647;
			files = (
			);
			runOnlyForDeploymentPostprocessing = 0;
		};
/* End PBXResourcesBuildPhase section */

/* Begin PBXShellScriptBuildPhase section */
		6B8C10FBFD015E5EE13F57D3 /* [CP] Check Pods Manifest.lock */ = {
			isa = PBXShellScriptBuildPhase;
			buildActionMask = 2147483647;
			files = (
			);
			inputFileListPaths = (
			);
			inputPaths = (
				"${PODS_PODFILE_DIR_PATH}/Podfile.lock",
				"${PODS_ROOT}/Manifest.lock",
			);
			name = "[CP] Check Pods Manifest.lock";
			outputFileListPaths = (
			);
			outputPaths = (
				"$(DERIVED_FILE_DIR)/Pods-CryptoPairs-checkManifestLockResult.txt",
			);
			runOnlyForDeploymentPostprocessing = 0;
			shellPath = /bin/sh;
			shellScript = "diff \"${PODS_PODFILE_DIR_PATH}/Podfile.lock\" \"${PODS_ROOT}/Manifest.lock\" > /dev/null\nif [ $? != 0 ] ; then\n    # print error to STDERR\n    echo \"error: The sandbox is not in sync with the Podfile.lock. Run 'pod install' or update your CocoaPods installation.\" >&2\n    exit 1\nfi\n# This output is used by Xcode 'outputs' to avoid re-running this script phase.\necho \"SUCCESS\" > \"${SCRIPT_OUTPUT_FILE_0}\"\n";
			showEnvVarsInLog = 0;
		};
		71B5413104C2D148E04A2926 /* [CP] Check Pods Manifest.lock */ = {
			isa = PBXShellScriptBuildPhase;
			buildActionMask = 2147483647;
			files = (
			);
			inputFileListPaths = (
			);
			inputPaths = (
				"${PODS_PODFILE_DIR_PATH}/Podfile.lock",
				"${PODS_ROOT}/Manifest.lock",
			);
			name = "[CP] Check Pods Manifest.lock";
			outputFileListPaths = (
			);
			outputPaths = (
				"$(DERIVED_FILE_DIR)/Pods-CryptoPairsUITests-checkManifestLockResult.txt",
			);
			runOnlyForDeploymentPostprocessing = 0;
			shellPath = /bin/sh;
			shellScript = "diff \"${PODS_PODFILE_DIR_PATH}/Podfile.lock\" \"${PODS_ROOT}/Manifest.lock\" > /dev/null\nif [ $? != 0 ] ; then\n    # print error to STDERR\n    echo \"error: The sandbox is not in sync with the Podfile.lock. Run 'pod install' or update your CocoaPods installation.\" >&2\n    exit 1\nfi\n# This output is used by Xcode 'outputs' to avoid re-running this script phase.\necho \"SUCCESS\" > \"${SCRIPT_OUTPUT_FILE_0}\"\n";
			showEnvVarsInLog = 0;
		};
		D7D314EABAEC37B6EFE3CD9E /* [CP] Embed Pods Frameworks */ = {
			isa = PBXShellScriptBuildPhase;
			buildActionMask = 2147483647;
			files = (
			);
			inputFileListPaths = (
				"${PODS_ROOT}/Target Support Files/Pods-CryptoPairs/Pods-CryptoPairs-frameworks-${CONFIGURATION}-input-files.xcfilelist",
			);
			name = "[CP] Embed Pods Frameworks";
			outputFileListPaths = (
				"${PODS_ROOT}/Target Support Files/Pods-CryptoPairs/Pods-CryptoPairs-frameworks-${CONFIGURATION}-output-files.xcfilelist",
			);
			runOnlyForDeploymentPostprocessing = 0;
			shellPath = /bin/sh;
			shellScript = "\"${PODS_ROOT}/Target Support Files/Pods-CryptoPairs/Pods-CryptoPairs-frameworks.sh\"\n";
			showEnvVarsInLog = 0;
		};
		EEA3B60A9B2D4C4118E25B59 /* [CP] Check Pods Manifest.lock */ = {
			isa = PBXShellScriptBuildPhase;
			buildActionMask = 2147483647;
			files = (
			);
			inputFileListPaths = (
			);
			inputPaths = (
				"${PODS_PODFILE_DIR_PATH}/Podfile.lock",
				"${PODS_ROOT}/Manifest.lock",
			);
			name = "[CP] Check Pods Manifest.lock";
			outputFileListPaths = (
			);
			outputPaths = (
				"$(DERIVED_FILE_DIR)/Pods-CryptoPairsTests-checkManifestLockResult.txt",
			);
			runOnlyForDeploymentPostprocessing = 0;
			shellPath = /bin/sh;
			shellScript = "diff \"${PODS_PODFILE_DIR_PATH}/Podfile.lock\" \"${PODS_ROOT}/Manifest.lock\" > /dev/null\nif [ $? != 0 ] ; then\n    # print error to STDERR\n    echo \"error: The sandbox is not in sync with the Podfile.lock. Run 'pod install' or update your CocoaPods installation.\" >&2\n    exit 1\nfi\n# This output is used by Xcode 'outputs' to avoid re-running this script phase.\necho \"SUCCESS\" > \"${SCRIPT_OUTPUT_FILE_0}\"\n";
			showEnvVarsInLog = 0;
		};
/* End PBXShellScriptBuildPhase section */

/* Begin PBXSourcesBuildPhase section */
		6765A527285385C40070ABC5 /* Sources */ = {
			isa = PBXSourcesBuildPhase;
			buildActionMask = 2147483647;
			files = (
				6765A52F285385C40070ABC5 /* AppDelegate.swift in Sources */,
				67F6D1DF2855722A00BB63D8 /* TickersListViewController.swift in Sources */,
				67F6D1E12855724300BB63D8 /* TickersListViewModel.swift in Sources */,
				6774D4EC28555A3F000652AA /* ViewControllerFactory.swift in Sources */,
				6774D4EA285559FB000652AA /* DependencyContainer.swift in Sources */,
				67F6D1F928561EFE00BB63D8 /* TickerCell.swift in Sources */,
				67F6D1D52855652300BB63D8 /* DefaultCryptoCurrenciesRepository.swift in Sources */,
				67F6D1E72855F65B00BB63D8 /* UIView+Extension.swift in Sources */,
				6765A531285385C40070ABC5 /* SceneDelegate.swift in Sources */,
				67F6D1CE285560C200BB63D8 /* DefaultTickersRepository.swift in Sources */,
				67F6D2112856B4CE00BB63D8 /* TickerCellViewModel.swift in Sources */,
			);
			runOnlyForDeploymentPostprocessing = 0;
		};
		6765A53D285385C60070ABC5 /* Sources */ = {
			isa = PBXSourcesBuildPhase;
			buildActionMask = 2147483647;
			files = (
				6774D4F028555BB6000652AA /* ViewControllerFactoryTests.swift in Sources */,
				67F6D1D928556BEE00BB63D8 /* DefaultCryptoCurrenciesRepositoryTests.swift in Sources */,
				67F6D1D12855626A00BB63D8 /* DefaultTickersRepositoryTests.swift in Sources */,
			);
			runOnlyForDeploymentPostprocessing = 0;
		};
		6765A547285385C60070ABC5 /* Sources */ = {
			isa = PBXSourcesBuildPhase;
			buildActionMask = 2147483647;
			files = (
				6765A550285385C60070ABC5 /* CryptoPairsUITests.swift in Sources */,
				6765A552285385C60070ABC5 /* CryptoPairsUITestsLaunchTests.swift in Sources */,
			);
			runOnlyForDeploymentPostprocessing = 0;
		};
/* End PBXSourcesBuildPhase section */

/* Begin PBXTargetDependency section */
		6765A543285385C60070ABC5 /* PBXTargetDependency */ = {
			isa = PBXTargetDependency;
			target = 6765A52A285385C40070ABC5 /* CryptoPairs */;
			targetProxy = 6765A542285385C60070ABC5 /* PBXContainerItemProxy */;
		};
		6765A54D285385C60070ABC5 /* PBXTargetDependency */ = {
			isa = PBXTargetDependency;
			target = 6765A52A285385C40070ABC5 /* CryptoPairs */;
			targetProxy = 6765A54C285385C60070ABC5 /* PBXContainerItemProxy */;
		};
/* End PBXTargetDependency section */

/* Begin PBXVariantGroup section */
		6765A539285385C60070ABC5 /* LaunchScreen.storyboard */ = {
			isa = PBXVariantGroup;
			children = (
				6765A53A285385C60070ABC5 /* Base */,
			);
			name = LaunchScreen.storyboard;
			sourceTree = "<group>";
		};
/* End PBXVariantGroup section */

/* Begin XCBuildConfiguration section */
		6765A553285385C60070ABC5 /* Debug */ = {
			isa = XCBuildConfiguration;
			buildSettings = {
				ALWAYS_SEARCH_USER_PATHS = NO;
				CLANG_ANALYZER_NONNULL = YES;
				CLANG_ANALYZER_NUMBER_OBJECT_CONVERSION = YES_AGGRESSIVE;
				CLANG_CXX_LANGUAGE_STANDARD = "gnu++17";
				CLANG_ENABLE_MODULES = YES;
				CLANG_ENABLE_OBJC_ARC = YES;
				CLANG_ENABLE_OBJC_WEAK = YES;
				CLANG_WARN_BLOCK_CAPTURE_AUTORELEASING = YES;
				CLANG_WARN_BOOL_CONVERSION = YES;
				CLANG_WARN_COMMA = YES;
				CLANG_WARN_CONSTANT_CONVERSION = YES;
				CLANG_WARN_DEPRECATED_OBJC_IMPLEMENTATIONS = YES;
				CLANG_WARN_DIRECT_OBJC_ISA_USAGE = YES_ERROR;
				CLANG_WARN_DOCUMENTATION_COMMENTS = YES;
				CLANG_WARN_EMPTY_BODY = YES;
				CLANG_WARN_ENUM_CONVERSION = YES;
				CLANG_WARN_INFINITE_RECURSION = YES;
				CLANG_WARN_INT_CONVERSION = YES;
				CLANG_WARN_NON_LITERAL_NULL_CONVERSION = YES;
				CLANG_WARN_OBJC_IMPLICIT_RETAIN_SELF = YES;
				CLANG_WARN_OBJC_LITERAL_CONVERSION = YES;
				CLANG_WARN_OBJC_ROOT_CLASS = YES_ERROR;
				CLANG_WARN_QUOTED_INCLUDE_IN_FRAMEWORK_HEADER = YES;
				CLANG_WARN_RANGE_LOOP_ANALYSIS = YES;
				CLANG_WARN_STRICT_PROTOTYPES = YES;
				CLANG_WARN_SUSPICIOUS_MOVE = YES;
				CLANG_WARN_UNGUARDED_AVAILABILITY = YES_AGGRESSIVE;
				CLANG_WARN_UNREACHABLE_CODE = YES;
				CLANG_WARN__DUPLICATE_METHOD_MATCH = YES;
				COPY_PHASE_STRIP = NO;
				DEBUG_INFORMATION_FORMAT = dwarf;
				ENABLE_STRICT_OBJC_MSGSEND = YES;
				ENABLE_TESTABILITY = YES;
				GCC_C_LANGUAGE_STANDARD = gnu11;
				GCC_DYNAMIC_NO_PIC = NO;
				GCC_NO_COMMON_BLOCKS = YES;
				GCC_OPTIMIZATION_LEVEL = 0;
				GCC_PREPROCESSOR_DEFINITIONS = (
					"DEBUG=1",
					"$(inherited)",
				);
				GCC_WARN_64_TO_32_BIT_CONVERSION = YES;
				GCC_WARN_ABOUT_RETURN_TYPE = YES_ERROR;
				GCC_WARN_UNDECLARED_SELECTOR = YES;
				GCC_WARN_UNINITIALIZED_AUTOS = YES_AGGRESSIVE;
				GCC_WARN_UNUSED_FUNCTION = YES;
				GCC_WARN_UNUSED_VARIABLE = YES;
				IPHONEOS_DEPLOYMENT_TARGET = 15.4;
				MTL_ENABLE_DEBUG_INFO = INCLUDE_SOURCE;
				MTL_FAST_MATH = YES;
				ONLY_ACTIVE_ARCH = YES;
				SDKROOT = iphoneos;
				SWIFT_ACTIVE_COMPILATION_CONDITIONS = DEBUG;
				SWIFT_OPTIMIZATION_LEVEL = "-Onone";
			};
			name = Debug;
		};
		6765A554285385C60070ABC5 /* Release */ = {
			isa = XCBuildConfiguration;
			buildSettings = {
				ALWAYS_SEARCH_USER_PATHS = NO;
				CLANG_ANALYZER_NONNULL = YES;
				CLANG_ANALYZER_NUMBER_OBJECT_CONVERSION = YES_AGGRESSIVE;
				CLANG_CXX_LANGUAGE_STANDARD = "gnu++17";
				CLANG_ENABLE_MODULES = YES;
				CLANG_ENABLE_OBJC_ARC = YES;
				CLANG_ENABLE_OBJC_WEAK = YES;
				CLANG_WARN_BLOCK_CAPTURE_AUTORELEASING = YES;
				CLANG_WARN_BOOL_CONVERSION = YES;
				CLANG_WARN_COMMA = YES;
				CLANG_WARN_CONSTANT_CONVERSION = YES;
				CLANG_WARN_DEPRECATED_OBJC_IMPLEMENTATIONS = YES;
				CLANG_WARN_DIRECT_OBJC_ISA_USAGE = YES_ERROR;
				CLANG_WARN_DOCUMENTATION_COMMENTS = YES;
				CLANG_WARN_EMPTY_BODY = YES;
				CLANG_WARN_ENUM_CONVERSION = YES;
				CLANG_WARN_INFINITE_RECURSION = YES;
				CLANG_WARN_INT_CONVERSION = YES;
				CLANG_WARN_NON_LITERAL_NULL_CONVERSION = YES;
				CLANG_WARN_OBJC_IMPLICIT_RETAIN_SELF = YES;
				CLANG_WARN_OBJC_LITERAL_CONVERSION = YES;
				CLANG_WARN_OBJC_ROOT_CLASS = YES_ERROR;
				CLANG_WARN_QUOTED_INCLUDE_IN_FRAMEWORK_HEADER = YES;
				CLANG_WARN_RANGE_LOOP_ANALYSIS = YES;
				CLANG_WARN_STRICT_PROTOTYPES = YES;
				CLANG_WARN_SUSPICIOUS_MOVE = YES;
				CLANG_WARN_UNGUARDED_AVAILABILITY = YES_AGGRESSIVE;
				CLANG_WARN_UNREACHABLE_CODE = YES;
				CLANG_WARN__DUPLICATE_METHOD_MATCH = YES;
				COPY_PHASE_STRIP = NO;
				DEBUG_INFORMATION_FORMAT = "dwarf-with-dsym";
				ENABLE_NS_ASSERTIONS = NO;
				ENABLE_STRICT_OBJC_MSGSEND = YES;
				GCC_C_LANGUAGE_STANDARD = gnu11;
				GCC_NO_COMMON_BLOCKS = YES;
				GCC_WARN_64_TO_32_BIT_CONVERSION = YES;
				GCC_WARN_ABOUT_RETURN_TYPE = YES_ERROR;
				GCC_WARN_UNDECLARED_SELECTOR = YES;
				GCC_WARN_UNINITIALIZED_AUTOS = YES_AGGRESSIVE;
				GCC_WARN_UNUSED_FUNCTION = YES;
				GCC_WARN_UNUSED_VARIABLE = YES;
				IPHONEOS_DEPLOYMENT_TARGET = 15.4;
				MTL_ENABLE_DEBUG_INFO = NO;
				MTL_FAST_MATH = YES;
				SDKROOT = iphoneos;
				SWIFT_COMPILATION_MODE = wholemodule;
				SWIFT_OPTIMIZATION_LEVEL = "-O";
				VALIDATE_PRODUCT = YES;
			};
			name = Release;
		};
		6765A556285385C60070ABC5 /* Debug */ = {
			isa = XCBuildConfiguration;
			baseConfigurationReference = 8F095E4EC210591C7CAD8E89 /* Pods-CryptoPairs.debug.xcconfig */;
			buildSettings = {
				ASSETCATALOG_COMPILER_APPICON_NAME = AppIcon;
				ASSETCATALOG_COMPILER_GLOBAL_ACCENT_COLOR_NAME = AccentColor;
				CODE_SIGN_STYLE = Automatic;
				CURRENT_PROJECT_VERSION = 1;
				DEVELOPMENT_TEAM = TTSKDZ455K;
				GENERATE_INFOPLIST_FILE = YES;
				INFOPLIST_FILE = "$(TARGET_NAME)/Supporting Files/Info.plist";
				INFOPLIST_KEY_UIApplicationSupportsIndirectInputEvents = YES;
				INFOPLIST_KEY_UILaunchStoryboardName = LaunchScreen;
				INFOPLIST_KEY_UISupportedInterfaceOrientations = UIInterfaceOrientationPortrait;
				INFOPLIST_KEY_UISupportedInterfaceOrientations_iPad = "UIInterfaceOrientationPortrait UIInterfaceOrientationPortraitUpsideDown UIInterfaceOrientationLandscapeLeft UIInterfaceOrientationLandscapeRight";
				INFOPLIST_KEY_UISupportedInterfaceOrientations_iPhone = "UIInterfaceOrientationPortrait UIInterfaceOrientationLandscapeLeft UIInterfaceOrientationLandscapeRight";
				LD_RUNPATH_SEARCH_PATHS = (
					"$(inherited)",
					"@executable_path/Frameworks",
				);
				MARKETING_VERSION = 1.0;
				PRODUCT_BUNDLE_IDENTIFIER = com.thiagocenturion.CryptoPairs;
				PRODUCT_NAME = "$(TARGET_NAME)";
				SWIFT_EMIT_LOC_STRINGS = YES;
				SWIFT_VERSION = 5.0;
				TARGETED_DEVICE_FAMILY = 1;
			};
			name = Debug;
		};
		6765A557285385C60070ABC5 /* Release */ = {
			isa = XCBuildConfiguration;
			baseConfigurationReference = B37525A35728C3B6257C03BE /* Pods-CryptoPairs.release.xcconfig */;
			buildSettings = {
				ASSETCATALOG_COMPILER_APPICON_NAME = AppIcon;
				ASSETCATALOG_COMPILER_GLOBAL_ACCENT_COLOR_NAME = AccentColor;
				CODE_SIGN_STYLE = Automatic;
				CURRENT_PROJECT_VERSION = 1;
				DEVELOPMENT_TEAM = TTSKDZ455K;
				GENERATE_INFOPLIST_FILE = YES;
				INFOPLIST_FILE = "$(TARGET_NAME)/Supporting Files/Info.plist";
				INFOPLIST_KEY_UIApplicationSupportsIndirectInputEvents = YES;
				INFOPLIST_KEY_UILaunchStoryboardName = LaunchScreen;
				INFOPLIST_KEY_UISupportedInterfaceOrientations = UIInterfaceOrientationPortrait;
				INFOPLIST_KEY_UISupportedInterfaceOrientations_iPad = "UIInterfaceOrientationPortrait UIInterfaceOrientationPortraitUpsideDown UIInterfaceOrientationLandscapeLeft UIInterfaceOrientationLandscapeRight";
				INFOPLIST_KEY_UISupportedInterfaceOrientations_iPhone = "UIInterfaceOrientationPortrait UIInterfaceOrientationLandscapeLeft UIInterfaceOrientationLandscapeRight";
				LD_RUNPATH_SEARCH_PATHS = (
					"$(inherited)",
					"@executable_path/Frameworks",
				);
				MARKETING_VERSION = 1.0;
				PRODUCT_BUNDLE_IDENTIFIER = com.thiagocenturion.CryptoPairs;
				PRODUCT_NAME = "$(TARGET_NAME)";
				SWIFT_EMIT_LOC_STRINGS = YES;
				SWIFT_VERSION = 5.0;
				TARGETED_DEVICE_FAMILY = 1;
			};
			name = Release;
		};
		6765A559285385C60070ABC5 /* Debug */ = {
			isa = XCBuildConfiguration;
			baseConfigurationReference = 4D6456931553D908E337FE9C /* Pods-CryptoPairsTests.debug.xcconfig */;
			buildSettings = {
				ALWAYS_EMBED_SWIFT_STANDARD_LIBRARIES = YES;
				BUNDLE_LOADER = "$(TEST_HOST)";
				CLANG_ENABLE_MODULES = YES;
				CODE_SIGN_STYLE = Automatic;
				CURRENT_PROJECT_VERSION = 1;
				DEVELOPMENT_TEAM = TTSKDZ455K;
				GENERATE_INFOPLIST_FILE = YES;
				IPHONEOS_DEPLOYMENT_TARGET = 15.4;
				LD_RUNPATH_SEARCH_PATHS = (
					"$(inherited)",
					"@executable_path/Frameworks",
					"@loader_path/Frameworks",
				);
				MARKETING_VERSION = 1.0;
				PRODUCT_BUNDLE_IDENTIFIER = com.thiagocenturion.CryptoPairsTests;
				PRODUCT_NAME = "$(TARGET_NAME)";
				SWIFT_EMIT_LOC_STRINGS = NO;
				SWIFT_OPTIMIZATION_LEVEL = "-Onone";
				SWIFT_VERSION = 5.0;
				TARGETED_DEVICE_FAMILY = "1,2";
				TEST_HOST = "$(BUILT_PRODUCTS_DIR)/CryptoPairs.app/CryptoPairs";
			};
			name = Debug;
		};
		6765A55A285385C60070ABC5 /* Release */ = {
			isa = XCBuildConfiguration;
			baseConfigurationReference = 354AAEAE8B48B849B5CCCAFA /* Pods-CryptoPairsTests.release.xcconfig */;
			buildSettings = {
				ALWAYS_EMBED_SWIFT_STANDARD_LIBRARIES = YES;
				BUNDLE_LOADER = "$(TEST_HOST)";
				CLANG_ENABLE_MODULES = YES;
				CODE_SIGN_STYLE = Automatic;
				CURRENT_PROJECT_VERSION = 1;
				DEVELOPMENT_TEAM = TTSKDZ455K;
				GENERATE_INFOPLIST_FILE = YES;
				IPHONEOS_DEPLOYMENT_TARGET = 15.4;
				LD_RUNPATH_SEARCH_PATHS = (
					"$(inherited)",
					"@executable_path/Frameworks",
					"@loader_path/Frameworks",
				);
				MARKETING_VERSION = 1.0;
				PRODUCT_BUNDLE_IDENTIFIER = com.thiagocenturion.CryptoPairsTests;
				PRODUCT_NAME = "$(TARGET_NAME)";
				SWIFT_EMIT_LOC_STRINGS = NO;
				SWIFT_VERSION = 5.0;
				TARGETED_DEVICE_FAMILY = "1,2";
				TEST_HOST = "$(BUILT_PRODUCTS_DIR)/CryptoPairs.app/CryptoPairs";
			};
			name = Release;
		};
		6765A55C285385C60070ABC5 /* Debug */ = {
			isa = XCBuildConfiguration;
			baseConfigurationReference = 83AE9A4B2EB6AA1CC4643DD8 /* Pods-CryptoPairsUITests.debug.xcconfig */;
			buildSettings = {
				ALWAYS_EMBED_SWIFT_STANDARD_LIBRARIES = YES;
				CODE_SIGN_STYLE = Automatic;
				CURRENT_PROJECT_VERSION = 1;
				DEVELOPMENT_TEAM = TTSKDZ455K;
				GENERATE_INFOPLIST_FILE = YES;
				MARKETING_VERSION = 1.0;
				PRODUCT_BUNDLE_IDENTIFIER = com.thiagocenturion.CryptoPairsUITests;
				PRODUCT_NAME = "$(TARGET_NAME)";
				SWIFT_EMIT_LOC_STRINGS = NO;
				SWIFT_VERSION = 5.0;
				TARGETED_DEVICE_FAMILY = "1,2";
				TEST_TARGET_NAME = CryptoPairs;
			};
			name = Debug;
		};
		6765A55D285385C60070ABC5 /* Release */ = {
			isa = XCBuildConfiguration;
			baseConfigurationReference = 8F85D848965F03402C0621CB /* Pods-CryptoPairsUITests.release.xcconfig */;
			buildSettings = {
				ALWAYS_EMBED_SWIFT_STANDARD_LIBRARIES = YES;
				CODE_SIGN_STYLE = Automatic;
				CURRENT_PROJECT_VERSION = 1;
				DEVELOPMENT_TEAM = TTSKDZ455K;
				GENERATE_INFOPLIST_FILE = YES;
				MARKETING_VERSION = 1.0;
				PRODUCT_BUNDLE_IDENTIFIER = com.thiagocenturion.CryptoPairsUITests;
				PRODUCT_NAME = "$(TARGET_NAME)";
				SWIFT_EMIT_LOC_STRINGS = NO;
				SWIFT_VERSION = 5.0;
				TARGETED_DEVICE_FAMILY = "1,2";
				TEST_TARGET_NAME = CryptoPairs;
			};
			name = Release;
		};
/* End XCBuildConfiguration section */

/* Begin XCConfigurationList section */
		6765A526285385C40070ABC5 /* Build configuration list for PBXProject "CryptoPairs" */ = {
			isa = XCConfigurationList;
			buildConfigurations = (
				6765A553285385C60070ABC5 /* Debug */,
				6765A554285385C60070ABC5 /* Release */,
			);
			defaultConfigurationIsVisible = 0;
			defaultConfigurationName = Release;
		};
		6765A555285385C60070ABC5 /* Build configuration list for PBXNativeTarget "CryptoPairs" */ = {
			isa = XCConfigurationList;
			buildConfigurations = (
				6765A556285385C60070ABC5 /* Debug */,
				6765A557285385C60070ABC5 /* Release */,
			);
			defaultConfigurationIsVisible = 0;
			defaultConfigurationName = Release;
		};
		6765A558285385C60070ABC5 /* Build configuration list for PBXNativeTarget "CryptoPairsTests" */ = {
			isa = XCConfigurationList;
			buildConfigurations = (
				6765A559285385C60070ABC5 /* Debug */,
				6765A55A285385C60070ABC5 /* Release */,
			);
			defaultConfigurationIsVisible = 0;
			defaultConfigurationName = Release;
		};
		6765A55B285385C60070ABC5 /* Build configuration list for PBXNativeTarget "CryptoPairsUITests" */ = {
			isa = XCConfigurationList;
			buildConfigurations = (
				6765A55C285385C60070ABC5 /* Debug */,
				6765A55D285385C60070ABC5 /* Release */,
			);
			defaultConfigurationIsVisible = 0;
			defaultConfigurationName = Release;
		};
/* End XCConfigurationList section */
	};
	rootObject = 6765A523285385C40070ABC5 /* Project object */;
}
